// !$*UTF8*$!
{
	archiveVersion = 1;
	classes = {
	};
	objectVersion = 50;
	objects = {

/* Begin PBXBuildFile section */
		07815E1D20ED7099000FE3D9 /* UserContainer.swift in Sources */ = {isa = PBXBuildFile; fileRef = 07815E1B20ED7099000FE3D9 /* UserContainer.swift */; };
		07815E1E20ED7099000FE3D9 /* AppContainer.swift in Sources */ = {isa = PBXBuildFile; fileRef = 07815E1C20ED7099000FE3D9 /* AppContainer.swift */; };
		0786297A20AB6FDF00567B86 /* UserManager.swift in Sources */ = {isa = PBXBuildFile; fileRef = 0786297920AB6FDF00567B86 /* UserManager.swift */; };
		53B058E020AB246C0063F68C /* AppDelegate.swift in Sources */ = {isa = PBXBuildFile; fileRef = 53B058DF20AB246C0063F68C /* AppDelegate.swift */; };
		53B058E220AB246C0063F68C /* ViewController.swift in Sources */ = {isa = PBXBuildFile; fileRef = 53B058E120AB246C0063F68C /* ViewController.swift */; };
		53B058E520AB246C0063F68C /* Main.storyboard in Resources */ = {isa = PBXBuildFile; fileRef = 53B058E320AB246C0063F68C /* Main.storyboard */; };
		53B058E720AB246E0063F68C /* Assets.xcassets in Resources */ = {isa = PBXBuildFile; fileRef = 53B058E620AB246E0063F68C /* Assets.xcassets */; };
		53B058EA20AB246E0063F68C /* LaunchScreen.storyboard in Resources */ = {isa = PBXBuildFile; fileRef = 53B058E820AB246E0063F68C /* LaunchScreen.storyboard */; };
		53B058F320AB24910063F68C /* SaberContainers.swift in Sources */ = {isa = PBXBuildFile; fileRef = 53B058F220AB24910063F68C /* SaberContainers.swift */; };
		53B058F520AB26FA0063F68C /* LOLUserContainer.swift in Sources */ = {isa = PBXBuildFile; fileRef = 53B058F420AB26FA0063F68C /* LOLUserContainer.swift */; };
		53B058F720AB436C0063F68C /* UserVC.swift in Sources */ = {isa = PBXBuildFile; fileRef = 53B058F620AB436C0063F68C /* UserVC.swift */; };
/* End PBXBuildFile section */

/* Begin PBXFileReference section */
		07815E1B20ED7099000FE3D9 /* UserContainer.swift */ = {isa = PBXFileReference; fileEncoding = 4; lastKnownFileType = sourcecode.swift; path = UserContainer.swift; sourceTree = "<group>"; };
		07815E1C20ED7099000FE3D9 /* AppContainer.swift */ = {isa = PBXFileReference; fileEncoding = 4; lastKnownFileType = sourcecode.swift; path = AppContainer.swift; sourceTree = "<group>"; };
		0786297920AB6FDF00567B86 /* UserManager.swift */ = {isa = PBXFileReference; lastKnownFileType = sourcecode.swift; path = UserManager.swift; sourceTree = "<group>"; };
		53B058DC20AB246C0063F68C /* PseudoTest.app */ = {isa = PBXFileReference; explicitFileType = wrapper.application; includeInIndex = 0; path = PseudoTest.app; sourceTree = BUILT_PRODUCTS_DIR; };
		53B058DF20AB246C0063F68C /* AppDelegate.swift */ = {isa = PBXFileReference; lastKnownFileType = sourcecode.swift; path = AppDelegate.swift; sourceTree = "<group>"; };
		53B058E120AB246C0063F68C /* ViewController.swift */ = {isa = PBXFileReference; lastKnownFileType = sourcecode.swift; path = ViewController.swift; sourceTree = "<group>"; };
		53B058E420AB246C0063F68C /* Base */ = {isa = PBXFileReference; lastKnownFileType = file.storyboard; name = Base; path = Base.lproj/Main.storyboard; sourceTree = "<group>"; };
		53B058E620AB246E0063F68C /* Assets.xcassets */ = {isa = PBXFileReference; lastKnownFileType = folder.assetcatalog; path = Assets.xcassets; sourceTree = "<group>"; };
		53B058E920AB246E0063F68C /* Base */ = {isa = PBXFileReference; lastKnownFileType = file.storyboard; name = Base; path = Base.lproj/LaunchScreen.storyboard; sourceTree = "<group>"; };
		53B058EB20AB246E0063F68C /* Info.plist */ = {isa = PBXFileReference; lastKnownFileType = text.plist.xml; path = Info.plist; sourceTree = "<group>"; };
		53B058F220AB24910063F68C /* SaberContainers.swift */ = {isa = PBXFileReference; lastKnownFileType = sourcecode.swift; path = SaberContainers.swift; sourceTree = "<group>"; };
		53B058F420AB26FA0063F68C /* LOLUserContainer.swift */ = {isa = PBXFileReference; lastKnownFileType = sourcecode.swift; path = LOLUserContainer.swift; sourceTree = "<group>"; };
		53B058F620AB436C0063F68C /* UserVC.swift */ = {isa = PBXFileReference; lastKnownFileType = sourcecode.swift; path = UserVC.swift; sourceTree = "<group>"; };
/* End PBXFileReference section */

/* Begin PBXFrameworksBuildPhase section */
		53B058D920AB246C0063F68C /* Frameworks */ = {
			isa = PBXFrameworksBuildPhase;
			buildActionMask = 2147483647;
			files = (
			);
			runOnlyForDeploymentPostprocessing = 0;
		};
/* End PBXFrameworksBuildPhase section */

/* Begin PBXGroup section */
		07815E1A20ED7099000FE3D9 /* Saber */ = {
			isa = PBXGroup;
			children = (
				07815E1B20ED7099000FE3D9 /* UserContainer.swift */,
				07815E1C20ED7099000FE3D9 /* AppContainer.swift */,
			);
			path = Saber;
			sourceTree = "<group>";
		};
		53B058D320AB246C0063F68C = {
			isa = PBXGroup;
			children = (
				53B058DE20AB246C0063F68C /* PseudoTest */,
				53B058DD20AB246C0063F68C /* Products */,
			);
			sourceTree = "<group>";
		};
		53B058DD20AB246C0063F68C /* Products */ = {
			isa = PBXGroup;
			children = (
				53B058DC20AB246C0063F68C /* PseudoTest.app */,
			);
			name = Products;
			sourceTree = "<group>";
		};
		53B058DE20AB246C0063F68C /* PseudoTest */ = {
			isa = PBXGroup;
			children = (
				07815E1A20ED7099000FE3D9 /* Saber */,
				53B058F120AB247F0063F68C /* Sources */,
				53B058DF20AB246C0063F68C /* AppDelegate.swift */,
				53B058E120AB246C0063F68C /* ViewController.swift */,
				53B058E320AB246C0063F68C /* Main.storyboard */,
				53B058E620AB246E0063F68C /* Assets.xcassets */,
				53B058E820AB246E0063F68C /* LaunchScreen.storyboard */,
				53B058EB20AB246E0063F68C /* Info.plist */,
				53B058F620AB436C0063F68C /* UserVC.swift */,
			);
			path = PseudoTest;
			sourceTree = "<group>";
		};
		53B058F120AB247F0063F68C /* Sources */ = {
			isa = PBXGroup;
			children = (
				53B058F220AB24910063F68C /* SaberContainers.swift */,
				53B058F420AB26FA0063F68C /* LOLUserContainer.swift */,
				0786297920AB6FDF00567B86 /* UserManager.swift */,
			);
			path = Sources;
			sourceTree = "<group>";
		};
/* End PBXGroup section */

/* Begin PBXNativeTarget section */
		53B058DB20AB246C0063F68C /* PseudoTest */ = {
			isa = PBXNativeTarget;
			buildConfigurationList = 53B058EE20AB246E0063F68C /* Build configuration list for PBXNativeTarget "PseudoTest" */;
			buildPhases = (
				53B058D820AB246C0063F68C /* Sources */,
				53B058D920AB246C0063F68C /* Frameworks */,
				53B058DA20AB246C0063F68C /* Resources */,
			);
			buildRules = (
			);
			dependencies = (
			);
			name = PseudoTest;
			productName = PseudoTest;
			productReference = 53B058DC20AB246C0063F68C /* PseudoTest.app */;
			productType = "com.apple.product-type.application";
		};
/* End PBXNativeTarget section */

/* Begin PBXProject section */
		53B058D420AB246C0063F68C /* Project object */ = {
			isa = PBXProject;
			attributes = {
				LastSwiftUpdateCheck = 0930;
				LastUpgradeCheck = 0930;
				ORGANIZATIONNAME = test;
				TargetAttributes = {
					53B058DB20AB246C0063F68C = {
						CreatedOnToolsVersion = 9.3;
					};
				};
			};
			buildConfigurationList = 53B058D720AB246C0063F68C /* Build configuration list for PBXProject "PseudoTest" */;
			compatibilityVersion = "Xcode 9.3";
			developmentRegion = en;
			hasScannedForEncodings = 0;
			knownRegions = (
				en,
				Base,
			);
			mainGroup = 53B058D320AB246C0063F68C;
			productRefGroup = 53B058DD20AB246C0063F68C /* Products */;
			projectDirPath = "";
			projectRoot = "";
			targets = (
				53B058DB20AB246C0063F68C /* PseudoTest */,
			);
		};
/* End PBXProject section */

/* Begin PBXResourcesBuildPhase section */
		53B058DA20AB246C0063F68C /* Resources */ = {
			isa = PBXResourcesBuildPhase;
			buildActionMask = 2147483647;
			files = (
				53B058EA20AB246E0063F68C /* LaunchScreen.storyboard in Resources */,
				53B058E720AB246E0063F68C /* Assets.xcassets in Resources */,
				53B058E520AB246C0063F68C /* Main.storyboard in Resources */,
			);
			runOnlyForDeploymentPostprocessing = 0;
		};
/* End PBXResourcesBuildPhase section */

/* Begin PBXSourcesBuildPhase section */
		53B058D820AB246C0063F68C /* Sources */ = {
			isa = PBXSourcesBuildPhase;
			buildActionMask = 2147483647;
			files = (
				07815E1D20ED7099000FE3D9 /* UserContainer.swift in Sources */,
				0786297A20AB6FDF00567B86 /* UserManager.swift in Sources */,
				07815E1E20ED7099000FE3D9 /* AppContainer.swift in Sources */,
				53B058F520AB26FA0063F68C /* LOLUserContainer.swift in Sources */,
				53B058F720AB436C0063F68C /* UserVC.swift in Sources */,
				53B058E220AB246C0063F68C /* ViewController.swift in Sources */,
				53B058E020AB246C0063F68C /* AppDelegate.swift in Sources */,
				53B058F320AB24910063F68C /* SaberContainers.swift in Sources */,
			);
			runOnlyForDeploymentPostprocessing = 0;
		};
/* End PBXSourcesBuildPhase section */

/* Begin PBXVariantGroup section */
		53B058E320AB246C0063F68C /* Main.storyboard */ = {
			isa = PBXVariantGroup;
			children = (
				53B058E420AB246C0063F68C /* Base */,
			);
			name = Main.storyboard;
			sourceTree = "<group>";
		};
		53B058E820AB246E0063F68C /* LaunchScreen.storyboard */ = {
			isa = PBXVariantGroup;
			children = (
				53B058E920AB246E0063F68C /* Base */,
			);
			name = LaunchScreen.storyboard;
			sourceTree = "<group>";
		};
/* End PBXVariantGroup section */

/* Begin XCBuildConfiguration section */
		53B058EC20AB246E0063F68C /* Debug */ = {
			isa = XCBuildConfiguration;
			buildSettings = {
				ALWAYS_SEARCH_USER_PATHS = NO;
				CLANG_ANALYZER_NONNULL = YES;
				CLANG_ANALYZER_NUMBER_OBJECT_CONVERSION = YES_AGGRESSIVE;
				CLANG_CXX_LANGUAGE_STANDARD = "gnu++14";
				CLANG_CXX_LIBRARY = "libc++";
				CLANG_ENABLE_MODULES = YES;
				CLANG_ENABLE_OBJC_ARC = YES;
				CLANG_ENABLE_OBJC_WEAK = YES;
				CLANG_WARN_BLOCK_CAPTURE_AUTORELEASING = YES;
				CLANG_WARN_BOOL_CONVERSION = YES;
				CLANG_WARN_COMMA = YES;
				CLANG_WARN_CONSTANT_CONVERSION = YES;
				CLANG_WARN_DEPRECATED_OBJC_IMPLEMENTATIONS = YES;
				CLANG_WARN_DIRECT_OBJC_ISA_USAGE = YES_ERROR;
				CLANG_WARN_DOCUMENTATION_COMMENTS = YES;
				CLANG_WARN_EMPTY_BODY = YES;
				CLANG_WARN_ENUM_CONVERSION = YES;
				CLANG_WARN_INFINITE_RECURSION = YES;
				CLANG_WARN_INT_CONVERSION = YES;
				CLANG_WARN_NON_LITERAL_NULL_CONVERSION = YES;
				CLANG_WARN_OBJC_IMPLICIT_RETAIN_SELF = YES;
				CLANG_WARN_OBJC_LITERAL_CONVERSION = YES;
				CLANG_WARN_OBJC_ROOT_CLASS = YES_ERROR;
				CLANG_WARN_RANGE_LOOP_ANALYSIS = YES;
				CLANG_WARN_STRICT_PROTOTYPES = YES;
				CLANG_WARN_SUSPICIOUS_MOVE = YES;
				CLANG_WARN_UNGUARDED_AVAILABILITY = YES_AGGRESSIVE;
				CLANG_WARN_UNREACHABLE_CODE = YES;
				CLANG_WARN__DUPLICATE_METHOD_MATCH = YES;
				CODE_SIGN_IDENTITY = "iPhone Developer";
				COPY_PHASE_STRIP = NO;
				DEBUG_INFORMATION_FORMAT = dwarf;
				ENABLE_STRICT_OBJC_MSGSEND = YES;
				ENABLE_TESTABILITY = YES;
				GCC_C_LANGUAGE_STANDARD = gnu11;
				GCC_DYNAMIC_NO_PIC = NO;
				GCC_NO_COMMON_BLOCKS = YES;
				GCC_OPTIMIZATION_LEVEL = 0;
				GCC_PREPROCESSOR_DEFINITIONS = (
					"DEBUG=1",
					"$(inherited)",
				);
				GCC_WARN_64_TO_32_BIT_CONVERSION = YES;
				GCC_WARN_ABOUT_RETURN_TYPE = YES_ERROR;
				GCC_WARN_UNDECLARED_SELECTOR = YES;
				GCC_WARN_UNINITIALIZED_AUTOS = YES_AGGRESSIVE;
				GCC_WARN_UNUSED_FUNCTION = YES;
				GCC_WARN_UNUSED_VARIABLE = YES;
				IPHONEOS_DEPLOYMENT_TARGET = 11.3;
				MTL_ENABLE_DEBUG_INFO = YES;
				ONLY_ACTIVE_ARCH = YES;
				SDKROOT = iphoneos;
				SWIFT_ACTIVE_COMPILATION_CONDITIONS = DEBUG;
				SWIFT_OPTIMIZATION_LEVEL = "-Onone";
			};
			name = Debug;
		};
		53B058ED20AB246E0063F68C /* Release */ = {
			isa = XCBuildConfiguration;
			buildSettings = {
				ALWAYS_SEARCH_USER_PATHS = NO;
				CLANG_ANALYZER_NONNULL = YES;
				CLANG_ANALYZER_NUMBER_OBJECT_CONVERSION = YES_AGGRESSIVE;
				CLANG_CXX_LANGUAGE_STANDARD = "gnu++14";
				CLANG_CXX_LIBRARY = "libc++";
				CLANG_ENABLE_MODULES = YES;
				CLANG_ENABLE_OBJC_ARC = YES;
				CLANG_ENABLE_OBJC_WEAK = YES;
				CLANG_WARN_BLOCK_CAPTURE_AUTORELEASING = YES;
				CLANG_WARN_BOOL_CONVERSION = YES;
				CLANG_WARN_COMMA = YES;
				CLANG_WARN_CONSTANT_CONVERSION = YES;
				CLANG_WARN_DEPRECATED_OBJC_IMPLEMENTATIONS = YES;
				CLANG_WARN_DIRECT_OBJC_ISA_USAGE = YES_ERROR;
				CLANG_WARN_DOCUMENTATION_COMMENTS = YES;
				CLANG_WARN_EMPTY_BODY = YES;
				CLANG_WARN_ENUM_CONVERSION = YES;
				CLANG_WARN_INFINITE_RECURSION = YES;
				CLANG_WARN_INT_CONVERSION = YES;
				CLANG_WARN_NON_LITERAL_NULL_CONVERSION = YES;
				CLANG_WARN_OBJC_IMPLICIT_RETAIN_SELF = YES;
				CLANG_WARN_OBJC_LITERAL_CONVERSION = YES;
				CLANG_WARN_OBJC_ROOT_CLASS = YES_ERROR;
				CLANG_WARN_RANGE_LOOP_ANALYSIS = YES;
				CLANG_WARN_STRICT_PROTOTYPES = YES;
				CLANG_WARN_SUSPICIOUS_MOVE = YES;
				CLANG_WARN_UNGUARDED_AVAILABILITY = YES_AGGRESSIVE;
				CLANG_WARN_UNREACHABLE_CODE = YES;
				CLANG_WARN__DUPLICATE_METHOD_MATCH = YES;
				CODE_SIGN_IDENTITY = "iPhone Developer";
				COPY_PHASE_STRIP = NO;
				DEBUG_INFORMATION_FORMAT = "dwarf-with-dsym";
				ENABLE_NS_ASSERTIONS = NO;
				ENABLE_STRICT_OBJC_MSGSEND = YES;
				GCC_C_LANGUAGE_STANDARD = gnu11;
				GCC_NO_COMMON_BLOCKS = YES;
				GCC_WARN_64_TO_32_BIT_CONVERSION = YES;
				GCC_WARN_ABOUT_RETURN_TYPE = YES_ERROR;
				GCC_WARN_UNDECLARED_SELECTOR = YES;
				GCC_WARN_UNINITIALIZED_AUTOS = YES_AGGRESSIVE;
				GCC_WARN_UNUSED_FUNCTION = YES;
				GCC_WARN_UNUSED_VARIABLE = YES;
				IPHONEOS_DEPLOYMENT_TARGET = 11.3;
				MTL_ENABLE_DEBUG_INFO = NO;
				SDKROOT = iphoneos;
				SWIFT_COMPILATION_MODE = wholemodule;
				SWIFT_OPTIMIZATION_LEVEL = "-O";
				VALIDATE_PRODUCT = YES;
			};
			name = Release;
		};
		53B058EF20AB246E0063F68C /* Debug */ = {
			isa = XCBuildConfiguration;
			buildSettings = {
				ASSETCATALOG_COMPILER_APPICON_NAME = AppIcon;
				CODE_SIGN_STYLE = Automatic;
				INFOPLIST_FILE = PseudoTest/Info.plist;
				LD_RUNPATH_SEARCH_PATHS = (
					"$(inherited)",
					"@executable_path/Frameworks",
				);
				PRODUCT_BUNDLE_IDENTIFIER = test.PseudoTest;
				PRODUCT_NAME = "$(TARGET_NAME)";
				SWIFT_VERSION = 4.0;
				TARGETED_DEVICE_FAMILY = "1,2";
			};
			name = Debug;
		};
		53B058F020AB246E0063F68C /* Release */ = {
			isa = XCBuildConfiguration;
			buildSettings = {
				ASSETCATALOG_COMPILER_APPICON_NAME = AppIcon;
				CODE_SIGN_STYLE = Automatic;
				INFOPLIST_FILE = PseudoTest/Info.plist;
				LD_RUNPATH_SEARCH_PATHS = (
					"$(inherited)",
					"@executable_path/Frameworks",
				);
				PRODUCT_BUNDLE_IDENTIFIER = test.PseudoTest;
				PRODUCT_NAME = "$(TARGET_NAME)";
				SWIFT_VERSION = 4.0;
				TARGETED_DEVICE_FAMILY = "1,2";
			};
			name = Release;
		};
/* End XCBuildConfiguration section */

/* Begin XCConfigurationList section */
		53B058D720AB246C0063F68C /* Build configuration list for PBXProject "PseudoTest" */ = {
			isa = XCConfigurationList;
			buildConfigurations = (
				53B058EC20AB246E0063F68C /* Debug */,
				53B058ED20AB246E0063F68C /* Release */,
			);
			defaultConfigurationIsVisible = 0;
			defaultConfigurationName = Release;
		};
		53B058EE20AB246E0063F68C /* Build configuration list for PBXNativeTarget "PseudoTest" */ = {
			isa = XCConfigurationList;
			buildConfigurations = (
				53B058EF20AB246E0063F68C /* Debug */,
				53B058F020AB246E0063F68C /* Release */,
			);
			defaultConfigurationIsVisible = 0;
			defaultConfigurationName = Release;
		};
/* End XCConfigurationList section */
	};
	rootObject = 53B058D420AB246C0063F68C /* Project object */;
}
